
Microsoft Visual Studio Solution File, Format Version 12.00
# Visual Studio Version 17
VisualStudioVersion = 17.2.32505.173
MinimumVisualStudioVersion = 10.0.40219.1
Project("{FAE04EC0-301F-11D3-BF4B-00C04F79EFBC}") = "MyCalc", "MyCalc\MyCalc.csproj", "{C4075D52-37CA-4C3B-9021-2763E62E0933}"
EndProject
Project("{FAE04EC0-301F-11D3-BF4B-00C04F79EFBC}") = "HelloApp", "HelloApp\HelloApp.csproj", "{F6C260F1-A114-4F3C-AA3F-9EDA34B68C5B}"
EndProject
Global
	GlobalSection(SolutionConfigurationPlatforms) = preSolution
		Debug|Any CPU = Debug|Any CPU
		Release|Any CPU = Release|Any CPU
	EndGlobalSection
	GlobalSection(ProjectConfigurationPlatforms) = postSolution
		{C4075D52-37CA-4C3B-9021-2763E62E0933}.Debug|Any CPU.ActiveCfg = Debug|Any CPU
		{C4075D52-37CA-4C3B-9021-2763E62E0933}.Debug|Any CPU.Build.0 = Debug|Any CPU
		{C4075D52-37CA-4C3B-9021-2763E62E0933}.Release|Any CPU.ActiveCfg = Release|Any CPU
		{C4075D52-37CA-4C3B-9021-2763E62E0933}.Release|Any CPU.Build.0 = Release|Any CPU
		{F6C260F1-A114-4F3C-AA3F-9EDA34B68C5B}.Debug|Any CPU.ActiveCfg = Debug|Any CPU
		{F6C260F1-A114-4F3C-AA3F-9EDA34B68C5B}.Debug|Any CPU.Build.0 = Debug|Any CPU
		{F6C260F1-A114-4F3C-AA3F-9EDA34B68C5B}.Release|Any CPU.ActiveCfg = Release|Any CPU
		{F6C260F1-A114-4F3C-AA3F-9EDA34B68C5B}.Release|Any CPU.Build.0 = Release|Any CPU
	EndGlobalSection
	GlobalSection(SolutionProperties) = preSolution
		HideSolutionNode = FALSE
	EndGlobalSection
	GlobalSection(ExtensibilityGlobals) = postSolution
		SolutionGuid = {6F8BA53C-36A5-4D00-9521-B72CFB05C85D}
	EndGlobalSection
EndGlobal
